
Microsoft Visual Studio Solution File, Format Version 12.00
# Visual Studio Version 17
VisualStudioVersion = 17.14.36414.22 d17.14
MinimumVisualStudioVersion = 10.0.40219.1
Project("{FAE04EC0-301F-11D3-BF4B-00C04F79EFBC}") = "Trigonometrija", "Trigonometrija\Trigonometrija.csproj", "{80DCB9EF-42A0-46BC-859D-15F81395C4B6}"
EndProject
Global
	GlobalSection(SolutionConfigurationPlatforms) = preSolution
		Debug|Any CPU = Debug|Any CPU
		Release|Any CPU = Release|Any CPU
	EndGlobalSection
	GlobalSection(ProjectConfigurationPlatforms) = postSolution
		{80DCB9EF-42A0-46BC-859D-15F81395C4B6}.Debug|Any CPU.ActiveCfg = Debug|Any CPU
		{80DCB9EF-42A0-46BC-859D-15F81395C4B6}.Debug|Any CPU.Build.0 = Debug|Any CPU
		{80DCB9EF-42A0-46BC-859D-15F81395C4B6}.Release|Any CPU.ActiveCfg = Release|Any CPU
		{80DCB9EF-42A0-46BC-859D-15F81395C4B6}.Release|Any CPU.Build.0 = Release|Any CPU
	EndGlobalSection
	GlobalSection(SolutionProperties) = preSolution
		HideSolutionNode = FALSE
	EndGlobalSection
	GlobalSection(ExtensibilityGlobals) = postSolution
		SolutionGuid = {94D1E371-F911-4C62-8886-22CEDD3650E4}
	EndGlobalSection
EndGlobal
